
Microsoft Visual Studio Solution File, Format Version 12.00
# Visual Studio Version 16
VisualStudioVersion = 16.0.30523.141
MinimumVisualStudioVersion = 10.0.40219.1
Project("{9A19103F-16F7-4668-BE54-9A1E7A4F7556}") = "InvoiceMVC", "InvoiceMVC\InvoiceMVC.csproj", "{00BD809C-C4DE-4249-AA98-B654DB3DB7DE}"
EndProject
Project("{2150E333-8FDC-42A3-9474-1A3956D46DE8}") = "01 - Application Layer", "01 - Application Layer", "{7E2E7D61-FFC7-4062-BDCD-1F08CBB4C5D4}"
EndProject
Project("{2150E333-8FDC-42A3-9474-1A3956D46DE8}") = "02 - BusinessLayer", "02 - BusinessLayer", "{BDE482A9-F608-4939-AF2E-AC2152B122B8}"
EndProject
Project("{2150E333-8FDC-42A3-9474-1A3956D46DE8}") = "03 - Model", "03 - Model", "{BAD8CFB9-A144-4C67-A371-C7F0E68EB361}"
EndProject
Project("{2150E333-8FDC-42A3-9474-1A3956D46DE8}") = "04 - DataAccesLayer", "04 - DataAccesLayer", "{3A7070BF-27FE-4C07-9213-D4425F10BF73}"
EndProject
Project("{2150E333-8FDC-42A3-9474-1A3956D46DE8}") = "05 - Incoming Payments", "05 - Incoming Payments", "{0BE6EB52-F986-4C0F-AD0A-D13C03CB1BDB}"
EndProject
Project("{2150E333-8FDC-42A3-9474-1A3956D46DE8}") = "06 - WebAPI", "06 - WebAPI", "{F0128C77-92DD-40A5-BDB4-9AA648268C7A}"
EndProject
Project("{2150E333-8FDC-42A3-9474-1A3956D46DE8}") = "91 - Migration", "91 - Migration", "{1D98420A-B537-4F2E-8C76-C1C48BB80E3F}"
EndProject
Project("{2150E333-8FDC-42A3-9474-1A3956D46DE8}") = "92 - UnitTest", "92 - UnitTest", "{D61AE6C6-A72C-4FAB-AB38-37952B63D1F0}"
EndProject
Project("{9A19103F-16F7-4668-BE54-9A1E7A4F7556}") = "Model", "Model\Model.csproj", "{BD060D9B-3701-4B5C-9018-DFDC26BE6F4B}"
EndProject
Project("{9A19103F-16F7-4668-BE54-9A1E7A4F7556}") = "Migreer2DB", "Migreer2DB\Migreer2DB.csproj", "{0A892809-976D-43A8-8B9D-F9FBAFF38A32}"
EndProject
Project("{9A19103F-16F7-4668-BE54-9A1E7A4F7556}") = "DataAccess", "DataAccess\DataAccess.csproj", "{3BB318D2-7D8D-4221-AADE-6AD29FA5E171}"
EndProject
Project("{9A19103F-16F7-4668-BE54-9A1E7A4F7556}") = "Business", "Business\Business.csproj", "{49E6476E-2197-4B6E-AA0D-20858FF754CC}"
EndProject
Project("{2150E333-8FDC-42A3-9474-1A3956D46DE8}") = "08 -  OutgoingExports", "08 -  OutgoingExports", "{CC773124-1BA3-47B0-A2BE-DB9D6B22166A}"
EndProject
Project("{9A19103F-16F7-4668-BE54-9A1E7A4F7556}") = "WebAPIForClient", "WebAPIUpdateClient\WebAPIUpdateClient\WebAPIForClient.csproj", "{9DCE0342-8BCD-4C2C-BD95-608DAD2BF659}"
EndProject
Project("{2150E333-8FDC-42A3-9474-1A3956D46DE8}") = "Solution Items", "Solution Items", "{2B0B62B5-BB1A-4F86-B6BB-325F42A115C5}"
	ProjectSection(SolutionItems) = preProject
		.editorconfig = .editorconfig
	EndProjectSection
EndProject
Project("{9A19103F-16F7-4668-BE54-9A1E7A4F7556}") = "OutgoingExports", "OutgoingClients\OutgoingClients\OutgoingExports.csproj", "{A65939CC-8973-4FBD-AC0A-0B62B378B2C8}"
EndProject
Project("{2150E333-8FDC-42A3-9474-1A3956D46DE8}") = "01 MVC", "01 MVC", "{EC4C528F-E1B5-403A-9800-8B1F516E5917}"
EndProject
Project("{2150E333-8FDC-42A3-9474-1A3956D46DE8}") = "02 Forms", "02 Forms", "{1286CCBB-690F-4964-830B-17002594BDE9}"
EndProject
Project("{9A19103F-16F7-4668-BE54-9A1E7A4F7556}") = "InvoiceForms", "InvoiceForms\WindowsFormsApp1\InvoiceForms.csproj", "{B942750A-6CD1-4B92-BFEC-5BA5DAD6DEEA}"
EndProject
Project("{9A19103F-16F7-4668-BE54-9A1E7A4F7556}") = "TestMVCApp", "UnitTests\UnitTest01\UnitTest01\TestMVCApp.csproj", "{3A78718C-E748-49C9-A915-7E651161EC73}"
EndProject
Project("{2150E333-8FDC-42A3-9474-1A3956D46DE8}") = "01 - TestMVCApp", "01 - TestMVCApp", "{47A8CF3A-7014-4F24-A0FF-F72E9B4F0DC4}"
EndProject
Project("{2150E333-8FDC-42A3-9474-1A3956D46DE8}") = "09 - TestFactories", "09 - TestFactories", "{E4823A5F-6078-404B-A85B-5DF7FAF769F0}"
EndProject
Project("{9A19103F-16F7-4668-BE54-9A1E7A4F7556}") = "TestFactory", "UnitTests\TestFactory\TestFactory\TestFactory.csproj", "{37685066-F4D0-4E40-B685-4D1E9392C3E9}"
EndProject
Project("{9A19103F-16F7-4668-BE54-9A1E7A4F7556}") = "WebApiPeter", "WebApiPeterOrigineel\WebApiPeter.csproj", "{0BBAD771-ABCC-4DEA-9EBB-08793C2CF8A7}"
EndProject
Global
	GlobalSection(SolutionConfigurationPlatforms) = preSolution
		Debug|Any CPU = Debug|Any CPU
		Release|Any CPU = Release|Any CPU
	EndGlobalSection
	GlobalSection(ProjectConfigurationPlatforms) = postSolution
		{00BD809C-C4DE-4249-AA98-B654DB3DB7DE}.Debug|Any CPU.ActiveCfg = Debug|Any CPU
		{00BD809C-C4DE-4249-AA98-B654DB3DB7DE}.Debug|Any CPU.Build.0 = Debug|Any CPU
		{00BD809C-C4DE-4249-AA98-B654DB3DB7DE}.Release|Any CPU.ActiveCfg = Release|Any CPU
		{00BD809C-C4DE-4249-AA98-B654DB3DB7DE}.Release|Any CPU.Build.0 = Release|Any CPU
		{BD060D9B-3701-4B5C-9018-DFDC26BE6F4B}.Debug|Any CPU.ActiveCfg = Debug|Any CPU
		{BD060D9B-3701-4B5C-9018-DFDC26BE6F4B}.Debug|Any CPU.Build.0 = Debug|Any CPU
		{BD060D9B-3701-4B5C-9018-DFDC26BE6F4B}.Release|Any CPU.ActiveCfg = Release|Any CPU
		{BD060D9B-3701-4B5C-9018-DFDC26BE6F4B}.Release|Any CPU.Build.0 = Release|Any CPU
		{0A892809-976D-43A8-8B9D-F9FBAFF38A32}.Debug|Any CPU.ActiveCfg = Debug|Any CPU
		{0A892809-976D-43A8-8B9D-F9FBAFF38A32}.Debug|Any CPU.Build.0 = Debug|Any CPU
		{0A892809-976D-43A8-8B9D-F9FBAFF38A32}.Release|Any CPU.ActiveCfg = Release|Any CPU
		{0A892809-976D-43A8-8B9D-F9FBAFF38A32}.Release|Any CPU.Build.0 = Release|Any CPU
		{3BB318D2-7D8D-4221-AADE-6AD29FA5E171}.Debug|Any CPU.ActiveCfg = Debug|Any CPU
		{3BB318D2-7D8D-4221-AADE-6AD29FA5E171}.Debug|Any CPU.Build.0 = Debug|Any CPU
		{3BB318D2-7D8D-4221-AADE-6AD29FA5E171}.Release|Any CPU.ActiveCfg = Release|Any CPU
		{3BB318D2-7D8D-4221-AADE-6AD29FA5E171}.Release|Any CPU.Build.0 = Release|Any CPU
		{49E6476E-2197-4B6E-AA0D-20858FF754CC}.Debug|Any CPU.ActiveCfg = Debug|Any CPU
		{49E6476E-2197-4B6E-AA0D-20858FF754CC}.Debug|Any CPU.Build.0 = Debug|Any CPU
		{49E6476E-2197-4B6E-AA0D-20858FF754CC}.Release|Any CPU.ActiveCfg = Release|Any CPU
		{49E6476E-2197-4B6E-AA0D-20858FF754CC}.Release|Any CPU.Build.0 = Release|Any CPU
		{9DCE0342-8BCD-4C2C-BD95-608DAD2BF659}.Debug|Any CPU.ActiveCfg = Debug|Any CPU
		{9DCE0342-8BCD-4C2C-BD95-608DAD2BF659}.Debug|Any CPU.Build.0 = Debug|Any CPU
		{9DCE0342-8BCD-4C2C-BD95-608DAD2BF659}.Release|Any CPU.ActiveCfg = Release|Any CPU
		{9DCE0342-8BCD-4C2C-BD95-608DAD2BF659}.Release|Any CPU.Build.0 = Release|Any CPU
		{A65939CC-8973-4FBD-AC0A-0B62B378B2C8}.Debug|Any CPU.ActiveCfg = Debug|Any CPU
		{A65939CC-8973-4FBD-AC0A-0B62B378B2C8}.Debug|Any CPU.Build.0 = Debug|Any CPU
		{A65939CC-8973-4FBD-AC0A-0B62B378B2C8}.Release|Any CPU.ActiveCfg = Release|Any CPU
		{A65939CC-8973-4FBD-AC0A-0B62B378B2C8}.Release|Any CPU.Build.0 = Release|Any CPU
		{B942750A-6CD1-4B92-BFEC-5BA5DAD6DEEA}.Debug|Any CPU.ActiveCfg = Debug|Any CPU
		{B942750A-6CD1-4B92-BFEC-5BA5DAD6DEEA}.Debug|Any CPU.Build.0 = Debug|Any CPU
		{B942750A-6CD1-4B92-BFEC-5BA5DAD6DEEA}.Release|Any CPU.ActiveCfg = Release|Any CPU
		{B942750A-6CD1-4B92-BFEC-5BA5DAD6DEEA}.Release|Any CPU.Build.0 = Release|Any CPU
		{3A78718C-E748-49C9-A915-7E651161EC73}.Debug|Any CPU.ActiveCfg = Debug|Any CPU
		{3A78718C-E748-49C9-A915-7E651161EC73}.Debug|Any CPU.Build.0 = Debug|Any CPU
		{3A78718C-E748-49C9-A915-7E651161EC73}.Release|Any CPU.ActiveCfg = Release|Any CPU
		{3A78718C-E748-49C9-A915-7E651161EC73}.Release|Any CPU.Build.0 = Release|Any CPU
		{37685066-F4D0-4E40-B685-4D1E9392C3E9}.Debug|Any CPU.ActiveCfg = Debug|Any CPU
		{37685066-F4D0-4E40-B685-4D1E9392C3E9}.Debug|Any CPU.Build.0 = Debug|Any CPU
		{37685066-F4D0-4E40-B685-4D1E9392C3E9}.Release|Any CPU.ActiveCfg = Release|Any CPU
		{37685066-F4D0-4E40-B685-4D1E9392C3E9}.Release|Any CPU.Build.0 = Release|Any CPU
		{0BBAD771-ABCC-4DEA-9EBB-08793C2CF8A7}.Debug|Any CPU.ActiveCfg = Debug|Any CPU
		{0BBAD771-ABCC-4DEA-9EBB-08793C2CF8A7}.Debug|Any CPU.Build.0 = Debug|Any CPU
		{0BBAD771-ABCC-4DEA-9EBB-08793C2CF8A7}.Release|Any CPU.ActiveCfg = Release|Any CPU
		{0BBAD771-ABCC-4DEA-9EBB-08793C2CF8A7}.Release|Any CPU.Build.0 = Release|Any CPU
	EndGlobalSection
	GlobalSection(SolutionProperties) = preSolution
		HideSolutionNode = FALSE
	EndGlobalSection
	GlobalSection(NestedProjects) = preSolution
		{00BD809C-C4DE-4249-AA98-B654DB3DB7DE} = {EC4C528F-E1B5-403A-9800-8B1F516E5917}
		{BD060D9B-3701-4B5C-9018-DFDC26BE6F4B} = {BAD8CFB9-A144-4C67-A371-C7F0E68EB361}
		{0A892809-976D-43A8-8B9D-F9FBAFF38A32} = {1D98420A-B537-4F2E-8C76-C1C48BB80E3F}
		{3BB318D2-7D8D-4221-AADE-6AD29FA5E171} = {3A7070BF-27FE-4C07-9213-D4425F10BF73}
		{49E6476E-2197-4B6E-AA0D-20858FF754CC} = {BDE482A9-F608-4939-AF2E-AC2152B122B8}
		{9DCE0342-8BCD-4C2C-BD95-608DAD2BF659} = {F0128C77-92DD-40A5-BDB4-9AA648268C7A}
		{A65939CC-8973-4FBD-AC0A-0B62B378B2C8} = {CC773124-1BA3-47B0-A2BE-DB9D6B22166A}
		{EC4C528F-E1B5-403A-9800-8B1F516E5917} = {7E2E7D61-FFC7-4062-BDCD-1F08CBB4C5D4}
		{1286CCBB-690F-4964-830B-17002594BDE9} = {7E2E7D61-FFC7-4062-BDCD-1F08CBB4C5D4}
		{B942750A-6CD1-4B92-BFEC-5BA5DAD6DEEA} = {1286CCBB-690F-4964-830B-17002594BDE9}
		{3A78718C-E748-49C9-A915-7E651161EC73} = {47A8CF3A-7014-4F24-A0FF-F72E9B4F0DC4}
		{47A8CF3A-7014-4F24-A0FF-F72E9B4F0DC4} = {D61AE6C6-A72C-4FAB-AB38-37952B63D1F0}
		{E4823A5F-6078-404B-A85B-5DF7FAF769F0} = {D61AE6C6-A72C-4FAB-AB38-37952B63D1F0}
		{37685066-F4D0-4E40-B685-4D1E9392C3E9} = {E4823A5F-6078-404B-A85B-5DF7FAF769F0}
		{0BBAD771-ABCC-4DEA-9EBB-08793C2CF8A7} = {F0128C77-92DD-40A5-BDB4-9AA648268C7A}
	EndGlobalSection
	GlobalSection(ExtensibilityGlobals) = postSolution
		SolutionGuid = {2143D349-55E7-4043-A5D6-654A7CBF3CE3}
	EndGlobalSection
EndGlobal
